// !$*UTF8*$!
{
	archiveVersion = 1;
	classes = {
	};
	objectVersion = 56;
	objects = {

/* Begin PBXBuildFile section */
		77B88CD0291AC17F00BC992D /* AppDelegate.swift in Sources */ = {isa = PBXBuildFile; fileRef = 77B88CCF291AC17F00BC992D /* AppDelegate.swift */; };
		77B88CD2291AC17F00BC992D /* SceneDelegate.swift in Sources */ = {isa = PBXBuildFile; fileRef = 77B88CD1291AC17F00BC992D /* SceneDelegate.swift */; };
		77B88CD4291AC17F00BC992D /* ViewController.swift in Sources */ = {isa = PBXBuildFile; fileRef = 77B88CD3291AC17F00BC992D /* ViewController.swift */; };
		77B88CD7291AC17F00BC992D /* Main.storyboard in Resources */ = {isa = PBXBuildFile; fileRef = 77B88CD5291AC17F00BC992D /* Main.storyboard */; };
		77B88CD9291AC18800BC992D /* Assets.xcassets in Resources */ = {isa = PBXBuildFile; fileRef = 77B88CD8291AC18800BC992D /* Assets.xcassets */; };
		77B88CDC291AC18800BC992D /* LaunchScreen.storyboard in Resources */ = {isa = PBXBuildFile; fileRef = 77B88CDA291AC18800BC992D /* LaunchScreen.storyboard */; };
		77B88CE7291AC18900BC992D /* LandOneTests.swift in Sources */ = {isa = PBXBuildFile; fileRef = 77B88CE6291AC18900BC992D /* LandOneTests.swift */; };
		77B88CF1291AC18900BC992D /* LandOneUITests.swift in Sources */ = {isa = PBXBuildFile; fileRef = 77B88CF0291AC18900BC992D /* LandOneUITests.swift */; };
		77B88CF3291AC18900BC992D /* LandOneUITestsLaunchTests.swift in Sources */ = {isa = PBXBuildFile; fileRef = 77B88CF2291AC18900BC992D /* LandOneUITestsLaunchTests.swift */; };
/* End PBXBuildFile section */

/* Begin PBXContainerItemProxy section */
		77B88CE3291AC18900BC992D /* PBXContainerItemProxy */ = {
			isa = PBXContainerItemProxy;
			containerPortal = 77B88CC4291AC17F00BC992D /* Project object */;
			proxyType = 1;
			remoteGlobalIDString = 77B88CCB291AC17F00BC992D;
			remoteInfo = LandOne;
		};
		77B88CED291AC18900BC992D /* PBXContainerItemProxy */ = {
			isa = PBXContainerItemProxy;
			containerPortal = 77B88CC4291AC17F00BC992D /* Project object */;
			proxyType = 1;
			remoteGlobalIDString = 77B88CCB291AC17F00BC992D;
			remoteInfo = LandOne;
		};
/* End PBXContainerItemProxy section */

/* Begin PBXFileReference section */
		77B88CCC291AC17F00BC992D /* LandOne.app */ = {isa = PBXFileReference; explicitFileType = wrapper.application; includeInIndex = 0; path = LandOne.app; sourceTree = BUILT_PRODUCTS_DIR; };
		77B88CCF291AC17F00BC992D /* AppDelegate.swift */ = {isa = PBXFileReference; lastKnownFileType = sourcecode.swift; path = AppDelegate.swift; sourceTree = "<group>"; };
		77B88CD1291AC17F00BC992D /* SceneDelegate.swift */ = {isa = PBXFileReference; lastKnownFileType = sourcecode.swift; path = SceneDelegate.swift; sourceTree = "<group>"; };
		77B88CD3291AC17F00BC992D /* ViewController.swift */ = {isa = PBXFileReference; lastKnownFileType = sourcecode.swift; path = ViewController.swift; sourceTree = "<group>"; };
		77B88CD6291AC17F00BC992D /* Base */ = {isa = PBXFileReference; lastKnownFileType = file.storyboard; name = Base; path = Base.lproj/Main.storyboard; sourceTree = "<group>"; };
		77B88CD8291AC18800BC992D /* Assets.xcassets */ = {isa = PBXFileReference; lastKnownFileType = folder.assetcatalog; path = Assets.xcassets; sourceTree = "<group>"; };
		77B88CDB291AC18800BC992D /* Base */ = {isa = PBXFileReference; lastKnownFileType = file.storyboard; name = Base; path = Base.lproj/LaunchScreen.storyboard; sourceTree = "<group>"; };
		77B88CDD291AC18800BC992D /* Info.plist */ = {isa = PBXFileReference; lastKnownFileType = text.plist.xml; path = Info.plist; sourceTree = "<group>"; };
		77B88CE2291AC18900BC992D /* LandOneTests.xctest */ = {isa = PBXFileReference; explicitFileType = wrapper.cfbundle; includeInIndex = 0; path = LandOneTests.xctest; sourceTree = BUILT_PRODUCTS_DIR; };
		77B88CE6291AC18900BC992D /* LandOneTests.swift */ = {isa = PBXFileReference; lastKnownFileType = sourcecode.swift; path = LandOneTests.swift; sourceTree = "<group>"; };
		77B88CEC291AC18900BC992D /* LandOneUITests.xctest */ = {isa = PBXFileReference; explicitFileType = wrapper.cfbundle; includeInIndex = 0; path = LandOneUITests.xctest; sourceTree = BUILT_PRODUCTS_DIR; };
		77B88CF0291AC18900BC992D /* LandOneUITests.swift */ = {isa = PBXFileReference; lastKnownFileType = sourcecode.swift; path = LandOneUITests.swift; sourceTree = "<group>"; };
		77B88CF2291AC18900BC992D /* LandOneUITestsLaunchTests.swift */ = {isa = PBXFileReference; lastKnownFileType = sourcecode.swift; path = LandOneUITestsLaunchTests.swift; sourceTree = "<group>"; };
/* End PBXFileReference section */

/* Begin PBXFrameworksBuildPhase section */
		77B88CC9291AC17F00BC992D /* Frameworks */ = {
			isa = PBXFrameworksBuildPhase;
			buildActionMask = 2147483647;
			files = (
			);
			runOnlyForDeploymentPostprocessing = 0;
		};
		77B88CDF291AC18900BC992D /* Frameworks */ = {
			isa = PBXFrameworksBuildPhase;
			buildActionMask = 2147483647;
			files = (
			);
			runOnlyForDeploymentPostprocessing = 0;
		};
		77B88CE9291AC18900BC992D /* Frameworks */ = {
			isa = PBXFrameworksBuildPhase;
			buildActionMask = 2147483647;
			files = (
			);
			runOnlyForDeploymentPostprocessing = 0;
		};
/* End PBXFrameworksBuildPhase section */

/* Begin PBXGroup section */
		77B88CC3291AC17F00BC992D = {
			isa = PBXGroup;
			children = (
				77B88CCE291AC17F00BC992D /* LandOne */,
				77B88CE5291AC18900BC992D /* LandOneTests */,
				77B88CEF291AC18900BC992D /* LandOneUITests */,
				77B88CCD291AC17F00BC992D /* Products */,
			);
			sourceTree = "<group>";
		};
		77B88CCD291AC17F00BC992D /* Products */ = {
			isa = PBXGroup;
			children = (
				77B88CCC291AC17F00BC992D /* LandOne.app */,
				77B88CE2291AC18900BC992D /* LandOneTests.xctest */,
				77B88CEC291AC18900BC992D /* LandOneUITests.xctest */,
			);
			name = Products;
			sourceTree = "<group>";
		};
		77B88CCE291AC17F00BC992D /* LandOne */ = {
			isa = PBXGroup;
			children = (
				77B88CCF291AC17F00BC992D /* AppDelegate.swift */,
				77B88CD1291AC17F00BC992D /* SceneDelegate.swift */,
				77B88CD3291AC17F00BC992D /* ViewController.swift */,
				77B88CD5291AC17F00BC992D /* Main.storyboard */,
				77B88CD8291AC18800BC992D /* Assets.xcassets */,
				77B88CDA291AC18800BC992D /* LaunchScreen.storyboard */,
				77B88CDD291AC18800BC992D /* Info.plist */,
			);
			path = LandOne;
			sourceTree = "<group>";
		};
		77B88CE5291AC18900BC992D /* LandOneTests */ = {
			isa = PBXGroup;
			children = (
				77B88CE6291AC18900BC992D /* LandOneTests.swift */,
			);
			path = LandOneTests;
			sourceTree = "<group>";
		};
		77B88CEF291AC18900BC992D /* LandOneUITests */ = {
			isa = PBXGroup;
			children = (
				77B88CF0291AC18900BC992D /* LandOneUITests.swift */,
				77B88CF2291AC18900BC992D /* LandOneUITestsLaunchTests.swift */,
			);
			path = LandOneUITests;
			sourceTree = "<group>";
		};
/* End PBXGroup section */

/* Begin PBXNativeTarget section */
		77B88CCB291AC17F00BC992D /* LandOne */ = {
			isa = PBXNativeTarget;
			buildConfigurationList = 77B88CF6291AC18900BC992D /* Build configuration list for PBXNativeTarget "LandOne" */;
			buildPhases = (
				77B88CC8291AC17F00BC992D /* Sources */,
				77B88CC9291AC17F00BC992D /* Frameworks */,
				77B88CCA291AC17F00BC992D /* Resources */,
			);
			buildRules = (
			);
			dependencies = (
			);
			name = LandOne;
			productName = LandOne;
			productReference = 77B88CCC291AC17F00BC992D /* LandOne.app */;
			productType = "com.apple.product-type.application";
		};
		77B88CE1291AC18900BC992D /* LandOneTests */ = {
			isa = PBXNativeTarget;
			buildConfigurationList = 77B88CF9291AC18900BC992D /* Build configuration list for PBXNativeTarget "LandOneTests" */;
			buildPhases = (
				77B88CDE291AC18900BC992D /* Sources */,
				77B88CDF291AC18900BC992D /* Frameworks */,
				77B88CE0291AC18900BC992D /* Resources */,
			);
			buildRules = (
			);
			dependencies = (
				77B88CE4291AC18900BC992D /* PBXTargetDependency */,
			);
			name = LandOneTests;
			productName = LandOneTests;
			productReference = 77B88CE2291AC18900BC992D /* LandOneTests.xctest */;
			productType = "com.apple.product-type.bundle.unit-test";
		};
		77B88CEB291AC18900BC992D /* LandOneUITests */ = {
			isa = PBXNativeTarget;
			buildConfigurationList = 77B88CFC291AC18900BC992D /* Build configuration list for PBXNativeTarget "LandOneUITests" */;
			buildPhases = (
				77B88CE8291AC18900BC992D /* Sources */,
				77B88CE9291AC18900BC992D /* Frameworks */,
				77B88CEA291AC18900BC992D /* Resources */,
			);
			buildRules = (
			);
			dependencies = (
				77B88CEE291AC18900BC992D /* PBXTargetDependency */,
			);
			name = LandOneUITests;
			productName = LandOneUITests;
			productReference = 77B88CEC291AC18900BC992D /* LandOneUITests.xctest */;
			productType = "com.apple.product-type.bundle.ui-testing";
		};
/* End PBXNativeTarget section */

/* Begin PBXProject section */
		77B88CC4291AC17F00BC992D /* Project object */ = {
			isa = PBXProject;
			attributes = {
				BuildIndependentTargetsInParallel = 1;
				LastSwiftUpdateCheck = 1400;
				LastUpgradeCheck = 1400;
				TargetAttributes = {
					77B88CCB291AC17F00BC992D = {
						CreatedOnToolsVersion = 14.0;
					};
					77B88CE1291AC18900BC992D = {
						CreatedOnToolsVersion = 14.0;
						TestTargetID = 77B88CCB291AC17F00BC992D;
					};
					77B88CEB291AC18900BC992D = {
						CreatedOnToolsVersion = 14.0;
						TestTargetID = 77B88CCB291AC17F00BC992D;
					};
				};
			};
			buildConfigurationList = 77B88CC7291AC17F00BC992D /* Build configuration list for PBXProject "LandOne" */;
			compatibilityVersion = "Xcode 14.0";
			developmentRegion = en;
			hasScannedForEncodings = 0;
			knownRegions = (
				en,
				Base,
			);
			mainGroup = 77B88CC3291AC17F00BC992D;
			productRefGroup = 77B88CCD291AC17F00BC992D /* Products */;
			projectDirPath = "";
			projectRoot = "";
			targets = (
				77B88CCB291AC17F00BC992D /* LandOne */,
				77B88CE1291AC18900BC992D /* LandOneTests */,
				77B88CEB291AC18900BC992D /* LandOneUITests */,
			);
		};
/* End PBXProject section */

/* Begin PBXResourcesBuildPhase section */
		77B88CCA291AC17F00BC992D /* Resources */ = {
			isa = PBXResourcesBuildPhase;
			buildActionMask = 2147483647;
			files = (
				77B88CDC291AC18800BC992D /* LaunchScreen.storyboard in Resources */,
				77B88CD9291AC18800BC992D /* Assets.xcassets in Resources */,
				77B88CD7291AC17F00BC992D /* Main.storyboard in Resources */,
			);
			runOnlyForDeploymentPostprocessing = 0;
		};
		77B88CE0291AC18900BC992D /* Resources */ = {
			isa = PBXResourcesBuildPhase;
			buildActionMask = 2147483647;
			files = (
			);
			runOnlyForDeploymentPostprocessing = 0;
		};
		77B88CEA291AC18900BC992D /* Resources */ = {
			isa = PBXResourcesBuildPhase;
			buildActionMask = 2147483647;
			files = (
			);
			runOnlyForDeploymentPostprocessing = 0;
		};
/* End PBXResourcesBuildPhase section */

/* Begin PBXSourcesBuildPhase section */
		77B88CC8291AC17F00BC992D /* Sources */ = {
			isa = PBXSourcesBuildPhase;
			buildActionMask = 2147483647;
			files = (
				77B88CD4291AC17F00BC992D /* ViewController.swift in Sources */,
				77B88CD0291AC17F00BC992D /* AppDelegate.swift in Sources */,
				77B88CD2291AC17F00BC992D /* SceneDelegate.swift in Sources */,
			);
			runOnlyForDeploymentPostprocessing = 0;
		};
		77B88CDE291AC18900BC992D /* Sources */ = {
			isa = PBXSourcesBuildPhase;
			buildActionMask = 2147483647;
			files = (
				77B88CE7291AC18900BC992D /* LandOneTests.swift in Sources */,
			);
			runOnlyForDeploymentPostprocessing = 0;
		};
		77B88CE8291AC18900BC992D /* Sources */ = {
			isa = PBXSourcesBuildPhase;
			buildActionMask = 2147483647;
			files = (
				77B88CF3291AC18900BC992D /* LandOneUITestsLaunchTests.swift in Sources */,
				77B88CF1291AC18900BC992D /* LandOneUITests.swift in Sources */,
			);
			runOnlyForDeploymentPostprocessing = 0;
		};
/* End PBXSourcesBuildPhase section */

/* Begin PBXTargetDependency section */
		77B88CE4291AC18900BC992D /* PBXTargetDependency */ = {
			isa = PBXTargetDependency;
			target = 77B88CCB291AC17F00BC992D /* LandOne */;
			targetProxy = 77B88CE3291AC18900BC992D /* PBXContainerItemProxy */;
		};
		77B88CEE291AC18900BC992D /* PBXTargetDependency */ = {
			isa = PBXTargetDependency;
			target = 77B88CCB291AC17F00BC992D /* LandOne */;
			targetProxy = 77B88CED291AC18900BC992D /* PBXContainerItemProxy */;
		};
/* End PBXTargetDependency section */

/* Begin PBXVariantGroup section */
		77B88CD5291AC17F00BC992D /* Main.storyboard */ = {
			isa = PBXVariantGroup;
			children = (
				77B88CD6291AC17F00BC992D /* Base */,
			);
			name = Main.storyboard;
			sourceTree = "<group>";
		};
		77B88CDA291AC18800BC992D /* LaunchScreen.storyboard */ = {
			isa = PBXVariantGroup;
			children = (
				77B88CDB291AC18800BC992D /* Base */,
			);
			name = LaunchScreen.storyboard;
			sourceTree = "<group>";
		};
/* End PBXVariantGroup section */

/* Begin XCBuildConfiguration section */
		77B88CF4291AC18900BC992D /* Debug */ = {
			isa = XCBuildConfiguration;
			buildSettings = {
				ALWAYS_SEARCH_USER_PATHS = NO;
				CLANG_ANALYZER_NONNULL = YES;
				CLANG_ANALYZER_NUMBER_OBJECT_CONVERSION = YES_AGGRESSIVE;
				CLANG_CXX_LANGUAGE_STANDARD = "gnu++20";
				CLANG_ENABLE_MODULES = YES;
				CLANG_ENABLE_OBJC_ARC = YES;
				CLANG_ENABLE_OBJC_WEAK = YES;
				CLANG_WARN_BLOCK_CAPTURE_AUTORELEASING = YES;
				CLANG_WARN_BOOL_CONVERSION = YES;
				CLANG_WARN_COMMA = YES;
				CLANG_WARN_CONSTANT_CONVERSION = YES;
				CLANG_WARN_DEPRECATED_OBJC_IMPLEMENTATIONS = YES;
				CLANG_WARN_DIRECT_OBJC_ISA_USAGE = YES_ERROR;
				CLANG_WARN_DOCUMENTATION_COMMENTS = YES;
				CLANG_WARN_EMPTY_BODY = YES;
				CLANG_WARN_ENUM_CONVERSION = YES;
				CLANG_WARN_INFINITE_RECURSION = YES;
				CLANG_WARN_INT_CONVERSION = YES;
				CLANG_WARN_NON_LITERAL_NULL_CONVERSION = YES;
				CLANG_WARN_OBJC_IMPLICIT_RETAIN_SELF = YES;
				CLANG_WARN_OBJC_LITERAL_CONVERSION = YES;
				CLANG_WARN_OBJC_ROOT_CLASS = YES_ERROR;
				CLANG_WARN_QUOTED_INCLUDE_IN_FRAMEWORK_HEADER = YES;
				CLANG_WARN_RANGE_LOOP_ANALYSIS = YES;
				CLANG_WARN_STRICT_PROTOTYPES = YES;
				CLANG_WARN_SUSPICIOUS_MOVE = YES;
				CLANG_WARN_UNGUARDED_AVAILABILITY = YES_AGGRESSIVE;
				CLANG_WARN_UNREACHABLE_CODE = YES;
				CLANG_WARN__DUPLICATE_METHOD_MATCH = YES;
				COPY_PHASE_STRIP = NO;
				DEBUG_INFORMATION_FORMAT = dwarf;
				ENABLE_STRICT_OBJC_MSGSEND = YES;
				ENABLE_TESTABILITY = YES;
				GCC_C_LANGUAGE_STANDARD = gnu11;
				GCC_DYNAMIC_NO_PIC = NO;
				GCC_NO_COMMON_BLOCKS = YES;
				GCC_OPTIMIZATION_LEVEL = 0;
				GCC_PREPROCESSOR_DEFINITIONS = (
					"DEBUG=1",
					"$(inherited)",
				);
				GCC_WARN_64_TO_32_BIT_CONVERSION = YES;
				GCC_WARN_ABOUT_RETURN_TYPE = YES_ERROR;
				GCC_WARN_UNDECLARED_SELECTOR = YES;
				GCC_WARN_UNINITIALIZED_AUTOS = YES_AGGRESSIVE;
				GCC_WARN_UNUSED_FUNCTION = YES;
				GCC_WARN_UNUSED_VARIABLE = YES;
				IPHONEOS_DEPLOYMENT_TARGET = 16.0;
				MTL_ENABLE_DEBUG_INFO = INCLUDE_SOURCE;
				MTL_FAST_MATH = YES;
				ONLY_ACTIVE_ARCH = YES;
				SDKROOT = iphoneos;
				SWIFT_ACTIVE_COMPILATION_CONDITIONS = DEBUG;
				SWIFT_OPTIMIZATION_LEVEL = "-Onone";
			};
			name = Debug;
		};
		77B88CF5291AC18900BC992D /* Release */ = {
			isa = XCBuildConfiguration;
			buildSettings = {
				ALWAYS_SEARCH_USER_PATHS = NO;
				CLANG_ANALYZER_NONNULL = YES;
				CLANG_ANALYZER_NUMBER_OBJECT_CONVERSION = YES_AGGRESSIVE;
				CLANG_CXX_LANGUAGE_STANDARD = "gnu++20";
				CLANG_ENABLE_MODULES = YES;
				CLANG_ENABLE_OBJC_ARC = YES;
				CLANG_ENABLE_OBJC_WEAK = YES;
				CLANG_WARN_BLOCK_CAPTURE_AUTORELEASING = YES;
				CLANG_WARN_BOOL_CONVERSION = YES;
				CLANG_WARN_COMMA = YES;
				CLANG_WARN_CONSTANT_CONVERSION = YES;
				CLANG_WARN_DEPRECATED_OBJC_IMPLEMENTATIONS = YES;
				CLANG_WARN_DIRECT_OBJC_ISA_USAGE = YES_ERROR;
				CLANG_WARN_DOCUMENTATION_COMMENTS = YES;
				CLANG_WARN_EMPTY_BODY = YES;
				CLANG_WARN_ENUM_CONVERSION = YES;
				CLANG_WARN_INFINITE_RECURSION = YES;
				CLANG_WARN_INT_CONVERSION = YES;
				CLANG_WARN_NON_LITERAL_NULL_CONVERSION = YES;
				CLANG_WARN_OBJC_IMPLICIT_RETAIN_SELF = YES;
				CLANG_WARN_OBJC_LITERAL_CONVERSION = YES;
				CLANG_WARN_OBJC_ROOT_CLASS = YES_ERROR;
				CLANG_WARN_QUOTED_INCLUDE_IN_FRAMEWORK_HEADER = YES;
				CLANG_WARN_RANGE_LOOP_ANALYSIS = YES;
				CLANG_WARN_STRICT_PROTOTYPES = YES;
				CLANG_WARN_SUSPICIOUS_MOVE = YES;
				CLANG_WARN_UNGUARDED_AVAILABILITY = YES_AGGRESSIVE;
				CLANG_WARN_UNREACHABLE_CODE = YES;
				CLANG_WARN__DUPLICATE_METHOD_MATCH = YES;
				COPY_PHASE_STRIP = NO;
				DEBUG_INFORMATION_FORMAT = "dwarf-with-dsym";
				ENABLE_NS_ASSERTIONS = NO;
				ENABLE_STRICT_OBJC_MSGSEND = YES;
				GCC_C_LANGUAGE_STANDARD = gnu11;
				GCC_NO_COMMON_BLOCKS = YES;
				GCC_WARN_64_TO_32_BIT_CONVERSION = YES;
				GCC_WARN_ABOUT_RETURN_TYPE = YES_ERROR;
				GCC_WARN_UNDECLARED_SELECTOR = YES;
				GCC_WARN_UNINITIALIZED_AUTOS = YES_AGGRESSIVE;
				GCC_WARN_UNUSED_FUNCTION = YES;
				GCC_WARN_UNUSED_VARIABLE = YES;
				IPHONEOS_DEPLOYMENT_TARGET = 16.0;
				MTL_ENABLE_DEBUG_INFO = NO;
				MTL_FAST_MATH = YES;
				SDKROOT = iphoneos;
				SWIFT_COMPILATION_MODE = wholemodule;
				SWIFT_OPTIMIZATION_LEVEL = "-O";
				VALIDATE_PRODUCT = YES;
			};
			name = Release;
		};
		77B88CF7291AC18900BC992D /* Debug */ = {
			isa = XCBuildConfiguration;
			buildSettings = {
				ASSETCATALOG_COMPILER_APPICON_NAME = AppIcon;
				ASSETCATALOG_COMPILER_GLOBAL_ACCENT_COLOR_NAME = AccentColor;
				CODE_SIGN_STYLE = Automatic;
				CURRENT_PROJECT_VERSION = 1;
				DEVELOPMENT_TEAM = 7J6C95TMNY;
				GENERATE_INFOPLIST_FILE = YES;
				INFOPLIST_FILE = LandOne/Info.plist;
				INFOPLIST_KEY_UIApplicationSupportsIndirectInputEvents = YES;
				INFOPLIST_KEY_UILaunchStoryboardName = LaunchScreen;
				INFOPLIST_KEY_UIMainStoryboardFile = Main;
				INFOPLIST_KEY_UISupportedInterfaceOrientations_iPad = "UIInterfaceOrientationPortrait UIInterfaceOrientationPortraitUpsideDown UIInterfaceOrientationLandscapeLeft UIInterfaceOrientationLandscapeRight";
				INFOPLIST_KEY_UISupportedInterfaceOrientations_iPhone = "UIInterfaceOrientationPortrait UIInterfaceOrientationLandscapeLeft UIInterfaceOrientationLandscapeRight";
				LD_RUNPATH_SEARCH_PATHS = (
					"$(inherited)",
					"@executable_path/Frameworks",
				);
				MARKETING_VERSION = 1.0;
				PRODUCT_BUNDLE_IDENTIFIER = Pavel.LandOne;
				PRODUCT_NAME = "$(TARGET_NAME)";
				SWIFT_EMIT_LOC_STRINGS = YES;
				SWIFT_VERSION = 5.0;
				TARGETED_DEVICE_FAMILY = "1,2";
			};
			name = Debug;
		};
		77B88CF8291AC18900BC992D /* Release */ = {
			isa = XCBuildConfiguration;
			buildSettings = {
				ASSETCATALOG_COMPILER_APPICON_NAME = AppIcon;
				ASSETCATALOG_COMPILER_GLOBAL_ACCENT_COLOR_NAME = AccentColor;
				CODE_SIGN_STYLE = Automatic;
				CURRENT_PROJECT_VERSION = 1;
				DEVELOPMENT_TEAM = 7J6C95TMNY;
				GENERATE_INFOPLIST_FILE = YES;
				INFOPLIST_FILE = LandOne/Info.plist;
				INFOPLIST_KEY_UIApplicationSupportsIndirectInputEvents = YES;
				INFOPLIST_KEY_UILaunchStoryboardName = LaunchScreen;
				INFOPLIST_KEY_UIMainStoryboardFile = Main;
				INFOPLIST_KEY_UISupportedInterfaceOrientations_iPad = "UIInterfaceOrientationPortrait UIInterfaceOrientationPortraitUpsideDown UIInterfaceOrientationLandscapeLeft UIInterfaceOrientationLandscapeRight";
				INFOPLIST_KEY_UISupportedInterfaceOrientations_iPhone = "UIInterfaceOrientationPortrait UIInterfaceOrientationLandscapeLeft UIInterfaceOrientationLandscapeRight";
				LD_RUNPATH_SEARCH_PATHS = (
					"$(inherited)",
					"@executable_path/Frameworks",
				);
				MARKETING_VERSION = 1.0;
				PRODUCT_BUNDLE_IDENTIFIER = Pavel.LandOne;
				PRODUCT_NAME = "$(TARGET_NAME)";
				SWIFT_EMIT_LOC_STRINGS = YES;
				SWIFT_VERSION = 5.0;
				TARGETED_DEVICE_FAMILY = "1,2";
			};
			name = Release;
		};
		77B88CFA291AC18900BC992D /* Debug */ = {
			isa = XCBuildConfiguration;
			buildSettings = {
				ALWAYS_EMBED_SWIFT_STANDARD_LIBRARIES = YES;
				BUNDLE_LOADER = "$(TEST_HOST)";
				CODE_SIGN_STYLE = Automatic;
				CURRENT_PROJECT_VERSION = 1;
				DEVELOPMENT_TEAM = 7J6C95TMNY;
				GENERATE_INFOPLIST_FILE = YES;
				IPHONEOS_DEPLOYMENT_TARGET = 16.0;
				MARKETING_VERSION = 1.0;
				PRODUCT_BUNDLE_IDENTIFIER = Pavel.LandOneTests;
				PRODUCT_NAME = "$(TARGET_NAME)";
				SWIFT_EMIT_LOC_STRINGS = NO;
				SWIFT_VERSION = 5.0;
				TARGETED_DEVICE_FAMILY = "1,2";
				TEST_HOST = "$(BUILT_PRODUCTS_DIR)/LandOne.app/$(BUNDLE_EXECUTABLE_FOLDER_PATH)/LandOne";
			};
			name = Debug;
		};
		77B88CFB291AC18900BC992D /* Release */ = {
			isa = XCBuildConfiguration;
			buildSettings = {
				ALWAYS_EMBED_SWIFT_STANDARD_LIBRARIES = YES;
				BUNDLE_LOADER = "$(TEST_HOST)";
				CODE_SIGN_STYLE = Automatic;
				CURRENT_PROJECT_VERSION = 1;
				DEVELOPMENT_TEAM = 7J6C95TMNY;
				GENERATE_INFOPLIST_FILE = YES;
				IPHONEOS_DEPLOYMENT_TARGET = 16.0;
				MARKETING_VERSION = 1.0;
				PRODUCT_BUNDLE_IDENTIFIER = Pavel.LandOneTests;
				PRODUCT_NAME = "$(TARGET_NAME)";
				SWIFT_EMIT_LOC_STRINGS = NO;
				SWIFT_VERSION = 5.0;
				TARGETED_DEVICE_FAMILY = "1,2";
				TEST_HOST = "$(BUILT_PRODUCTS_DIR)/LandOne.app/$(BUNDLE_EXECUTABLE_FOLDER_PATH)/LandOne";
			};
			name = Release;
		};
		77B88CFD291AC18900BC992D /* Debug */ = {
			isa = XCBuildConfiguration;
			buildSettings = {
				ALWAYS_EMBED_SWIFT_STANDARD_LIBRARIES = YES;
				CODE_SIGN_STYLE = Automatic;
				CURRENT_PROJECT_VERSION = 1;
				DEVELOPMENT_TEAM = 7J6C95TMNY;
				GENERATE_INFOPLIST_FILE = YES;
				MARKETING_VERSION = 1.0;
				PRODUCT_BUNDLE_IDENTIFIER = Pavel.LandOneUITests;
				PRODUCT_NAME = "$(TARGET_NAME)";
				SWIFT_EMIT_LOC_STRINGS = NO;
				SWIFT_VERSION = 5.0;
				TARGETED_DEVICE_FAMILY = "1,2";
				TEST_TARGET_NAME = LandOne;
			};
			name = Debug;
		};
		77B88CFE291AC18900BC992D /* Release */ = {
			isa = XCBuildConfiguration;
			buildSettings = {
				ALWAYS_EMBED_SWIFT_STANDARD_LIBRARIES = YES;
				CODE_SIGN_STYLE = Automatic;
				CURRENT_PROJECT_VERSION = 1;
				DEVELOPMENT_TEAM = 7J6C95TMNY;
				GENERATE_INFOPLIST_FILE = YES;
				MARKETING_VERSION = 1.0;
				PRODUCT_BUNDLE_IDENTIFIER = Pavel.LandOneUITests;
				PRODUCT_NAME = "$(TARGET_NAME)";
				SWIFT_EMIT_LOC_STRINGS = NO;
				SWIFT_VERSION = 5.0;
				TARGETED_DEVICE_FAMILY = "1,2";
				TEST_TARGET_NAME = LandOne;
			};
			name = Release;
		};
/* End XCBuildConfiguration section */

/* Begin XCConfigurationList section */
		77B88CC7291AC17F00BC992D /* Build configuration list for PBXProject "LandOne" */ = {
			isa = XCConfigurationList;
			buildConfigurations = (
				77B88CF4291AC18900BC992D /* Debug */,
				77B88CF5291AC18900BC992D /* Release */,
			);
			defaultConfigurationIsVisible = 0;
			defaultConfigurationName = Release;
		};
		77B88CF6291AC18900BC992D /* Build configuration list for PBXNativeTarget "LandOne" */ = {
			isa = XCConfigurationList;
			buildConfigurations = (
				77B88CF7291AC18900BC992D /* Debug */,
				77B88CF8291AC18900BC992D /* Release */,
			);
			defaultConfigurationIsVisible = 0;
			defaultConfigurationName = Release;
		};
		77B88CF9291AC18900BC992D /* Build configuration list for PBXNativeTarget "LandOneTests" */ = {
			isa = XCConfigurationList;
			buildConfigurations = (
				77B88CFA291AC18900BC992D /* Debug */,
				77B88CFB291AC18900BC992D /* Release */,
			);
			defaultConfigurationIsVisible = 0;
			defaultConfigurationName = Release;
		};
		77B88CFC291AC18900BC992D /* Build configuration list for PBXNativeTarget "LandOneUITests" */ = {
			isa = XCConfigurationList;
			buildConfigurations = (
				77B88CFD291AC18900BC992D /* Debug */,
				77B88CFE291AC18900BC992D /* Release */,
			);
			defaultConfigurationIsVisible = 0;
			defaultConfigurationName = Release;
		};
/* End XCConfigurationList section */
	};
	rootObject = 77B88CC4291AC17F00BC992D /* Project object */;
}
